
Microsoft Visual Studio Solution File, Format Version 12.00
# Visual Studio Version 17
VisualStudioVersion = 17.6.33717.318
MinimumVisualStudioVersion = 10.0.40219.1
Project("{888888A0-9F3D-457C-B088-3A5042F75D52}") = "FESDriver", "FESDriver\FESDriver.pyproj", "{6BAA2029-BCD3-497C-BB32-32929A200A3E}"
EndProject
Project("{888888A0-9F3D-457C-B088-3A5042F75D52}") = "NativeApp", "NativeApp\NativeApp.pyproj", "{3B9510EF-51E4-4DAD-B2E1-C5364A052122}"
EndProject
Global
	GlobalSection(SolutionConfigurationPlatforms) = preSolution
		Debug|Any CPU = Debug|Any CPU
		Release|Any CPU = Release|Any CPU
	EndGlobalSection
	GlobalSection(ProjectConfigurationPlatforms) = postSolution
		{6BAA2029-BCD3-497C-BB32-32929A200A3E}.Debug|Any CPU.ActiveCfg = Debug|Any CPU
		{6BAA2029-BCD3-497C-BB32-32929A200A3E}.Release|Any CPU.ActiveCfg = Release|Any CPU
		{3B9510EF-51E4-4DAD-B2E1-C5364A052122}.Debug|Any CPU.ActiveCfg = Debug|Any CPU
		{3B9510EF-51E4-4DAD-B2E1-C5364A052122}.Release|Any CPU.ActiveCfg = Release|Any CPU
	EndGlobalSection
	GlobalSection(SolutionProperties) = preSolution
		HideSolutionNode = FALSE
	EndGlobalSection
	GlobalSection(ExtensibilityGlobals) = postSolution
		SolutionGuid = {34CABA36-C1DB-4CFF-96A7-F5B00DE1B979}
	EndGlobalSection
EndGlobal
